
Microsoft Visual Studio Solution File, Format Version 12.00
# Visual Studio Version 16
VisualStudioVersion = 16.0.28803.202
MinimumVisualStudioVersion = 10.0.40219.1
Project("{FAE04EC0-301F-11D3-BF4B-00C04F79EFBC}") = "TempNoteBook", "TempNoteBook\TempNoteBook.csproj", "{8CFC9B81-7AFD-4B67-B76C-AE2C3490DFCA}"
EndProject
Global
	GlobalSection(SolutionConfigurationPlatforms) = preSolution
		Debug|Any CPU = Debug|Any CPU
		Release|Any CPU = Release|Any CPU
	EndGlobalSection
	GlobalSection(ProjectConfigurationPlatforms) = postSolution
		{8CFC9B81-7AFD-4B67-B76C-AE2C3490DFCA}.Debug|Any CPU.ActiveCfg = Debug|Any CPU
		{8CFC9B81-7AFD-4B67-B76C-AE2C3490DFCA}.Debug|Any CPU.Build.0 = Debug|Any CPU
		{8CFC9B81-7AFD-4B67-B76C-AE2C3490DFCA}.Release|Any CPU.ActiveCfg = Release|Any CPU
		{8CFC9B81-7AFD-4B67-B76C-AE2C3490DFCA}.Release|Any CPU.Build.0 = Release|Any CPU
	EndGlobalSection
	GlobalSection(SolutionProperties) = preSolution
		HideSolutionNode = FALSE
	EndGlobalSection
	GlobalSection(ExtensibilityGlobals) = postSolution
		SolutionGuid = {C51BC298-FE9B-4389-AF71-38084E4E6FEF}
	EndGlobalSection
EndGlobal
