
Microsoft Visual Studio Solution File, Format Version 12.00
# Visual Studio Version 16
VisualStudioVersion = 16.0.28803.202
MinimumVisualStudioVersion = 10.0.40219.1
Project("{FAE04EC0-301F-11D3-BF4B-00C04F79EFBC}") = "AES", "AES\AES.csproj", "{AA0015E1-C0B2-4730-B596-5BC56FE2CB3E}"
EndProject
Global
	GlobalSection(SolutionConfigurationPlatforms) = preSolution
		Debug|Any CPU = Debug|Any CPU
		Release|Any CPU = Release|Any CPU
	EndGlobalSection
	GlobalSection(ProjectConfigurationPlatforms) = postSolution
		{AA0015E1-C0B2-4730-B596-5BC56FE2CB3E}.Debug|Any CPU.ActiveCfg = Debug|Any CPU
		{AA0015E1-C0B2-4730-B596-5BC56FE2CB3E}.Debug|Any CPU.Build.0 = Debug|Any CPU
		{AA0015E1-C0B2-4730-B596-5BC56FE2CB3E}.Release|Any CPU.ActiveCfg = Release|Any CPU
		{AA0015E1-C0B2-4730-B596-5BC56FE2CB3E}.Release|Any CPU.Build.0 = Release|Any CPU
	EndGlobalSection
	GlobalSection(SolutionProperties) = preSolution
		HideSolutionNode = FALSE
	EndGlobalSection
	GlobalSection(ExtensibilityGlobals) = postSolution
		SolutionGuid = {C8A9E2E6-4874-40A3-BD20-0B3EAD256D24}
	EndGlobalSection
EndGlobal
